{
  "name": "reason-vm",
  "version": "0.0.1",
  "lockfileVersion": 1,
  "requires": true,
  "dependencies": {
    "reason-cli": {
      "version": "https://github.com/reasonml/reason-cli/archive/3.0.1-bin-linux.tar.gz",
      "integrity": "sha1-a7aAOsE8C1oP8XdNozC3uqtf0ro=",
      "dev": true
    }
  }
}
